
Microsoft Visual Studio Solution File, Format Version 12.00
# Visual Studio Version 16
VisualStudioVersion = 16.0.30804.86
MinimumVisualStudioVersion = 10.0.40219.1
Project("{9A19103F-16F7-4668-BE54-9A1E7A4F7556}") = "AutoKat", "AutoKat.csproj", "{AB5A9006-5167-40E7-A0FA-15C5F0563FFD}"
EndProject
Project("{9A19103F-16F7-4668-BE54-9A1E7A4F7556}") = "AutoKat.Data", "..\AutoKat.Data\AutoKat.Data.csproj", "{903B868E-FDB4-45D5-8353-A7D0F29E0210}"
EndProject
Project("{9A19103F-16F7-4668-BE54-9A1E7A4F7556}") = "AutoKat.Core", "..\AutoKat.Core\AutoKat.Core.csproj", "{EEF9A852-29BD-4ADC-99F9-0FB712F26F15}"
EndProject
Project("{9A19103F-16F7-4668-BE54-9A1E7A4F7556}") = "AutoKat.Domain", "..\AutoKat.Domain\AutoKat.Domain.csproj", "{812ED12A-5500-452B-9566-35FEE1E6C4F9}"
EndProject
Project("{9A19103F-16F7-4668-BE54-9A1E7A4F7556}") = "AutoKat.Infrastructure", "..\AutoKat.Infrastructure\AutoKat.Infrastructure.csproj", "{96CD671F-AAA6-405F-9035-6031CDB4CCFD}"
EndProject
Global
	GlobalSection(SolutionConfigurationPlatforms) = preSolution
		Debug|Any CPU = Debug|Any CPU
		Release|Any CPU = Release|Any CPU
	EndGlobalSection
	GlobalSection(ProjectConfigurationPlatforms) = postSolution
		{AB5A9006-5167-40E7-A0FA-15C5F0563FFD}.Debug|Any CPU.ActiveCfg = Debug|Any CPU
		{AB5A9006-5167-40E7-A0FA-15C5F0563FFD}.Debug|Any CPU.Build.0 = Debug|Any CPU
		{AB5A9006-5167-40E7-A0FA-15C5F0563FFD}.Release|Any CPU.ActiveCfg = Release|Any CPU
		{AB5A9006-5167-40E7-A0FA-15C5F0563FFD}.Release|Any CPU.Build.0 = Release|Any CPU
		{903B868E-FDB4-45D5-8353-A7D0F29E0210}.Debug|Any CPU.ActiveCfg = Debug|Any CPU
		{903B868E-FDB4-45D5-8353-A7D0F29E0210}.Debug|Any CPU.Build.0 = Debug|Any CPU
		{903B868E-FDB4-45D5-8353-A7D0F29E0210}.Release|Any CPU.ActiveCfg = Release|Any CPU
		{903B868E-FDB4-45D5-8353-A7D0F29E0210}.Release|Any CPU.Build.0 = Release|Any CPU
		{EEF9A852-29BD-4ADC-99F9-0FB712F26F15}.Debug|Any CPU.ActiveCfg = Debug|Any CPU
		{EEF9A852-29BD-4ADC-99F9-0FB712F26F15}.Debug|Any CPU.Build.0 = Debug|Any CPU
		{EEF9A852-29BD-4ADC-99F9-0FB712F26F15}.Release|Any CPU.ActiveCfg = Release|Any CPU
		{EEF9A852-29BD-4ADC-99F9-0FB712F26F15}.Release|Any CPU.Build.0 = Release|Any CPU
		{812ED12A-5500-452B-9566-35FEE1E6C4F9}.Debug|Any CPU.ActiveCfg = Debug|Any CPU
		{812ED12A-5500-452B-9566-35FEE1E6C4F9}.Debug|Any CPU.Build.0 = Debug|Any CPU
		{812ED12A-5500-452B-9566-35FEE1E6C4F9}.Release|Any CPU.ActiveCfg = Release|Any CPU
		{812ED12A-5500-452B-9566-35FEE1E6C4F9}.Release|Any CPU.Build.0 = Release|Any CPU
		{96CD671F-AAA6-405F-9035-6031CDB4CCFD}.Debug|Any CPU.ActiveCfg = Debug|Any CPU
		{96CD671F-AAA6-405F-9035-6031CDB4CCFD}.Debug|Any CPU.Build.0 = Debug|Any CPU
		{96CD671F-AAA6-405F-9035-6031CDB4CCFD}.Release|Any CPU.ActiveCfg = Release|Any CPU
		{96CD671F-AAA6-405F-9035-6031CDB4CCFD}.Release|Any CPU.Build.0 = Release|Any CPU
	EndGlobalSection
	GlobalSection(SolutionProperties) = preSolution
		HideSolutionNode = FALSE
	EndGlobalSection
	GlobalSection(ExtensibilityGlobals) = postSolution
		SolutionGuid = {0D133CF5-93E1-438E-801B-7187A27F25B6}
	EndGlobalSection
EndGlobal
